// !$*UTF8*$!
{
	archiveVersion = 1;
	classes = {
	};
	objectVersion = 46;
	objects = {

/* Begin PBXBuildFile section */
		292818571BD579AD008351C9 /* OfferRideCell.swift in Sources */ = {isa = PBXBuildFile; fileRef = 292818561BD579AD008351C9 /* OfferRideCell.swift */; settings = {ASSET_TAGS = (); }; };
		2945CA1D1BD83CB5001BD2E9 /* checkmark.png in Resources */ = {isa = PBXBuildFile; fileRef = 2945CA1C1BD83CB5001BD2E9 /* checkmark.png */; settings = {ASSET_TAGS = (); }; };
		E4107A081B447FB8003C5E9D /* Register1ViewController.swift in Sources */ = {isa = PBXBuildFile; fileRef = E4107A071B447FB8003C5E9D /* Register1ViewController.swift */; };
		E4107A0C1B448043003C5E9D /* KidViewController.swift in Sources */ = {isa = PBXBuildFile; fileRef = E4107A0B1B448043003C5E9D /* KidViewController.swift */; };
		E4107A0E1B448051003C5E9D /* VehicleViewController.swift in Sources */ = {isa = PBXBuildFile; fileRef = E4107A0D1B448051003C5E9D /* VehicleViewController.swift */; };
		E4107A101B44805C003C5E9D /* MenuViewController.swift in Sources */ = {isa = PBXBuildFile; fileRef = E4107A0F1B44805C003C5E9D /* MenuViewController.swift */; };
		E4107A131B448133003C5E9D /* GroupHeaderCell.swift in Sources */ = {isa = PBXBuildFile; fileRef = E4107A121B448133003C5E9D /* GroupHeaderCell.swift */; };
		E4141C8D1B73F00300895755 /* Definitions.swift in Sources */ = {isa = PBXBuildFile; fileRef = E4141C8C1B73F00300895755 /* Definitions.swift */; };
		E419C8201B3873720015FCC2 /* AppDelegate.swift in Sources */ = {isa = PBXBuildFile; fileRef = E419C81F1B3873720015FCC2 /* AppDelegate.swift */; };
		E419C8251B3873720015FCC2 /* Main.storyboard in Resources */ = {isa = PBXBuildFile; fileRef = E419C8231B3873720015FCC2 /* Main.storyboard */; };
		E419C8271B3873720015FCC2 /* Images.xcassets in Resources */ = {isa = PBXBuildFile; fileRef = E419C8261B3873720015FCC2 /* Images.xcassets */; };
		E419C82A1B3873720015FCC2 /* LaunchScreen.xib in Resources */ = {isa = PBXBuildFile; fileRef = E419C8281B3873720015FCC2 /* LaunchScreen.xib */; };
		E419C8361B3873730015FCC2 /* CocoonTests.swift in Sources */ = {isa = PBXBuildFile; fileRef = E419C8351B3873730015FCC2 /* CocoonTests.swift */; };
		E419C8401B3876890015FCC2 /* LoginViewController.swift in Sources */ = {isa = PBXBuildFile; fileRef = E419C83F1B3876890015FCC2 /* LoginViewController.swift */; };
		E419C84B1B3877DE0015FCC2 /* RequestManager.swift in Sources */ = {isa = PBXBuildFile; fileRef = E419C84A1B3877DE0015FCC2 /* RequestManager.swift */; };
		E419C84E1B387B980015FCC2 /* TodoViewController.swift in Sources */ = {isa = PBXBuildFile; fileRef = E419C84D1B387B980015FCC2 /* TodoViewController.swift */; };
		E419C8521B3880BF0015FCC2 /* KeychainWrapper.m in Sources */ = {isa = PBXBuildFile; fileRef = E419C8511B3880BE0015FCC2 /* KeychainWrapper.m */; };
		E443D1A51B5DBCD300055C0E /* RegisterConnectViewController.swift in Sources */ = {isa = PBXBuildFile; fileRef = E443D1A41B5DBCD300055C0E /* RegisterConnectViewController.swift */; };
		E453043E1BD83169008F0045 /* RequestViewController.swift in Sources */ = {isa = PBXBuildFile; fileRef = E453043D1BD83169008F0045 /* RequestViewController.swift */; settings = {ASSET_TAGS = (); }; };
		E45304421BD83642008F0045 /* OfferTableViewController.swift in Sources */ = {isa = PBXBuildFile; fileRef = E45304411BD83642008F0045 /* OfferTableViewController.swift */; settings = {ASSET_TAGS = (); }; };
		E453044A1BD83A1A008F0045 /* FBSDKCoreKit.framework in Frameworks */ = {isa = PBXBuildFile; fileRef = E45304491BD83A1A008F0045 /* FBSDKCoreKit.framework */; };
		E453044C1BD83A24008F0045 /* FBSDKLoginKit.framework in Frameworks */ = {isa = PBXBuildFile; fileRef = E453044B1BD83A24008F0045 /* FBSDKLoginKit.framework */; };
		E46E36241B3B499D00FE92C0 /* ResponseManager.swift in Sources */ = {isa = PBXBuildFile; fileRef = E46E36231B3B499D00FE92C0 /* ResponseManager.swift */; };
		E489E90E1B5E31E900E1F57B /* MapViewController.swift in Sources */ = {isa = PBXBuildFile; fileRef = E489E90D1B5E31E900E1F57B /* MapViewController.swift */; };
		E489E9101B5E321700E1F57B /* MapKit.framework in Frameworks */ = {isa = PBXBuildFile; fileRef = E489E90F1B5E321700E1F57B /* MapKit.framework */; };
		E489E9121B5EE16C00E1F57B /* InputScrollView.swift in Sources */ = {isa = PBXBuildFile; fileRef = E489E9111B5EE16C00E1F57B /* InputScrollView.swift */; };
		E4D33C5F1B545D3C0090FA24 /* 1.png in Resources */ = {isa = PBXBuildFile; fileRef = E4D33C5C1B545D3C0090FA24 /* 1.png */; };
		E4D33C601B545D3C0090FA24 /* 2.png in Resources */ = {isa = PBXBuildFile; fileRef = E4D33C5D1B545D3C0090FA24 /* 2.png */; };
		E4D33C611B545D3C0090FA24 /* 3.png in Resources */ = {isa = PBXBuildFile; fileRef = E4D33C5E1B545D3C0090FA24 /* 3.png */; };
		E4D33C631B546D330090FA24 /* back-arrow.png in Resources */ = {isa = PBXBuildFile; fileRef = E4D33C621B546D330090FA24 /* back-arrow.png */; };
		E4D33C681B5497350090FA24 /* badge-green.png in Resources */ = {isa = PBXBuildFile; fileRef = E4D33C661B5497350090FA24 /* badge-green.png */; };
		E4D33C691B5497350090FA24 /* badge-red.png in Resources */ = {isa = PBXBuildFile; fileRef = E4D33C671B5497350090FA24 /* badge-red.png */; };
		F604D29A1B826C0F0031E70D /* request-ride.png in Resources */ = {isa = PBXBuildFile; fileRef = F604D2991B826C0F0031E70D /* request-ride.png */; };
		F61D1F3B1B447CD7007D57F8 /* GroupViewController.swift in Sources */ = {isa = PBXBuildFile; fileRef = F61D1F3A1B447CD7007D57F8 /* GroupViewController.swift */; };
		F628BEDD1B3884CB005E4002 /* RegisterViewController.swift in Sources */ = {isa = PBXBuildFile; fileRef = F628BEDC1B3884CB005E4002 /* RegisterViewController.swift */; };
		F628BF1B1B38B054005E4002 /* SWRevealViewController.m in Sources */ = {isa = PBXBuildFile; fileRef = F628BF1A1B38B054005E4002 /* SWRevealViewController.m */; };
		F628BF1F1B38B7E4005E4002 /* User.swift in Sources */ = {isa = PBXBuildFile; fileRef = F628BF1E1B38B7E4005E4002 /* User.swift */; };
		F628BF231B38C70C005E4002 /* Cocoon.swift in Sources */ = {isa = PBXBuildFile; fileRef = F628BF221B38C70C005E4002 /* Cocoon.swift */; };
		F6431D561B39FCFC00BBD20D /* FamilyViewController.swift in Sources */ = {isa = PBXBuildFile; fileRef = F6431D551B39FCFC00BBD20D /* FamilyViewController.swift */; };
		F6431D5C1B3A172700BBD20D /* NavigationController.swift in Sources */ = {isa = PBXBuildFile; fileRef = F6431D5B1B3A172700BBD20D /* NavigationController.swift */; };
		F6431D601B3A19E300BBD20D /* Register2ViewController.swift in Sources */ = {isa = PBXBuildFile; fileRef = F6431D5F1B3A19E300BBD20D /* Register2ViewController.swift */; };
		F66088BD1B5D881A001BBD2A /* DoubleTitleHeader.swift in Sources */ = {isa = PBXBuildFile; fileRef = F66088BC1B5D881A001BBD2A /* DoubleTitleHeader.swift */; };
		F66B48CE1B3B48A5006FD3EA /* LoadingTableViewController.swift in Sources */ = {isa = PBXBuildFile; fileRef = F66B48CD1B3B48A5006FD3EA /* LoadingTableViewController.swift */; };
		F66CF1071B4B38D6000B3209 /* EventCell.swift in Sources */ = {isa = PBXBuildFile; fileRef = F66CF1061B4B38D6000B3209 /* EventCell.swift */; };
		F66CF10B1B4DE0B0000B3209 /* SearchGroupsController.swift in Sources */ = {isa = PBXBuildFile; fileRef = F66CF10A1B4DE0AF000B3209 /* SearchGroupsController.swift */; };
		F682B8FD1B5D754E00CAF29D /* icon.png in Resources */ = {isa = PBXBuildFile; fileRef = F682B8FC1B5D754E00CAF29D /* icon.png */; };
		F6B274B11B54675A000805BD /* add.png in Resources */ = {isa = PBXBuildFile; fileRef = F6B274AF1B54675A000805BD /* add.png */; };
		F6B274B21B54675A000805BD /* info.png in Resources */ = {isa = PBXBuildFile; fileRef = F6B274B01B54675A000805BD /* info.png */; };
		F6B274B61B54695D000805BD /* ButtonCell.swift in Sources */ = {isa = PBXBuildFile; fileRef = F6B274B51B54695D000805BD /* ButtonCell.swift */; };
		F6B274B81B547015000805BD /* SingleTitleHeader.swift in Sources */ = {isa = PBXBuildFile; fileRef = F6B274B71B547015000805BD /* SingleTitleHeader.swift */; };
		F6B274BC1B547C54000805BD /* test.png in Resources */ = {isa = PBXBuildFile; fileRef = F6B274BB1B547C54000805BD /* test.png */; };
		F6B274C41B547DB9000805BD /* menu.png in Resources */ = {isa = PBXBuildFile; fileRef = F6B274C31B547DB9000805BD /* menu.png */; };
		F6B274C61B54829E000805BD /* IconCell.swift in Sources */ = {isa = PBXBuildFile; fileRef = F6B274C51B54829E000805BD /* IconCell.swift */; };
		F6B274C81B548BBD000805BD /* TodoCell.swift in Sources */ = {isa = PBXBuildFile; fileRef = F6B274C71B548BBD000805BD /* TodoCell.swift */; };
		F6B274D31B548E14000805BD /* default-avatar.png in Resources */ = {isa = PBXBuildFile; fileRef = F6B274D21B548E14000805BD /* default-avatar.png */; };
		F6C0F5A81B433A7600629E02 /* GroupsViewController.swift in Sources */ = {isa = PBXBuildFile; fileRef = F6C0F5A71B433A7600629E02 /* GroupsViewController.swift */; };
		F6C0F5AC1B433EE900629E02 /* UserViewController.swift in Sources */ = {isa = PBXBuildFile; fileRef = F6C0F5AB1B433EE900629E02 /* UserViewController.swift */; };
		F6C0F5AE1B434E3400629E02 /* RegisterGroupViewController.swift in Sources */ = {isa = PBXBuildFile; fileRef = F6C0F5AD1B434E3400629E02 /* RegisterGroupViewController.swift */; };
		F6C954491B3B5B0200B07C1B /* Link.swift in Sources */ = {isa = PBXBuildFile; fileRef = F6C954481B3B5B0200B07C1B /* Link.swift */; };
		F6C9544D1B3C758900B07C1B /* RegisterKidViewController.swift in Sources */ = {isa = PBXBuildFile; fileRef = F6C9544C1B3C758900B07C1B /* RegisterKidViewController.swift */; };
		F6C9544F1B3C798C00B07C1B /* RegisterVehicleViewController.swift in Sources */ = {isa = PBXBuildFile; fileRef = F6C9544E1B3C798C00B07C1B /* RegisterVehicleViewController.swift */; };
		F6F075001B5039D400163CC6 /* bg.jpg in Resources */ = {isa = PBXBuildFile; fileRef = F6F074FF1B5039D400163CC6 /* bg.jpg */; };
		F6F075021B5039EA00163CC6 /* logo.png in Resources */ = {isa = PBXBuildFile; fileRef = F6F075011B5039EA00163CC6 /* logo.png */; };
		F6F075061B5044CC00163CC6 /* username.png in Resources */ = {isa = PBXBuildFile; fileRef = F6F075051B5044CC00163CC6 /* username.png */; };
		F6F075081B50549700163CC6 /* login.png in Resources */ = {isa = PBXBuildFile; fileRef = F6F075071B50549700163CC6 /* login.png */; };
		F6F0750F1B505E3900163CC6 /* default.png in Resources */ = {isa = PBXBuildFile; fileRef = F6F0750E1B505E3900163CC6 /* default.png */; };
		F6F6BF461B4F53CB00906A91 /* AdminViewController.swift in Sources */ = {isa = PBXBuildFile; fileRef = F6F6BF451B4F53CB00906A91 /* AdminViewController.swift */; };
		F6FECA3F1B73ED1600EC5F23 /* FriendsViewController.swift in Sources */ = {isa = PBXBuildFile; fileRef = F6FECA3E1B73ED1600EC5F23 /* FriendsViewController.swift */; };
/* End PBXBuildFile section */

/* Begin PBXContainerItemProxy section */
		E419C8301B3873730015FCC2 /* PBXContainerItemProxy */ = {
			isa = PBXContainerItemProxy;
			containerPortal = E419C8121B3873710015FCC2 /* Project object */;
			proxyType = 1;
			remoteGlobalIDString = E419C8191B3873710015FCC2;
			remoteInfo = Cocoon;
		};
/* End PBXContainerItemProxy section */

/* Begin PBXFileReference section */
		292818561BD579AD008351C9 /* OfferRideCell.swift */ = {isa = PBXFileReference; fileEncoding = 4; lastKnownFileType = sourcecode.swift; name = OfferRideCell.swift; path = Cells/OfferRideCell.swift; sourceTree = "<group>"; };
		2945CA1C1BD83CB5001BD2E9 /* checkmark.png */ = {isa = PBXFileReference; lastKnownFileType = image.png; path = checkmark.png; sourceTree = "<group>"; };
		E4107A071B447FB8003C5E9D /* Register1ViewController.swift */ = {isa = PBXFileReference; fileEncoding = 4; lastKnownFileType = sourcecode.swift; name = Register1ViewController.swift; path = ViewControllers/Register1ViewController.swift; sourceTree = "<group>"; };
		E4107A0B1B448043003C5E9D /* KidViewController.swift */ = {isa = PBXFileReference; fileEncoding = 4; lastKnownFileType = sourcecode.swift; name = KidViewController.swift; path = ViewControllers/KidViewController.swift; sourceTree = "<group>"; };
		E4107A0D1B448051003C5E9D /* VehicleViewController.swift */ = {isa = PBXFileReference; fileEncoding = 4; lastKnownFileType = sourcecode.swift; name = VehicleViewController.swift; path = ViewControllers/VehicleViewController.swift; sourceTree = "<group>"; };
		E4107A0F1B44805C003C5E9D /* MenuViewController.swift */ = {isa = PBXFileReference; fileEncoding = 4; lastKnownFileType = sourcecode.swift; name = MenuViewController.swift; path = ViewControllers/MenuViewController.swift; sourceTree = "<group>"; };
		E4107A121B448133003C5E9D /* GroupHeaderCell.swift */ = {isa = PBXFileReference; fileEncoding = 4; lastKnownFileType = sourcecode.swift; name = GroupHeaderCell.swift; path = Cells/GroupHeaderCell.swift; sourceTree = "<group>"; };
		E4141C8C1B73F00300895755 /* Definitions.swift */ = {isa = PBXFileReference; fileEncoding = 4; lastKnownFileType = sourcecode.swift; path = Definitions.swift; sourceTree = "<group>"; };
		E419C81A1B3873710015FCC2 /* Cocoon.app */ = {isa = PBXFileReference; explicitFileType = wrapper.application; includeInIndex = 0; path = Cocoon.app; sourceTree = BUILT_PRODUCTS_DIR; };
		E419C81E1B3873720015FCC2 /* Info.plist */ = {isa = PBXFileReference; lastKnownFileType = text.plist.xml; path = Info.plist; sourceTree = "<group>"; };
		E419C81F1B3873720015FCC2 /* AppDelegate.swift */ = {isa = PBXFileReference; lastKnownFileType = sourcecode.swift; path = AppDelegate.swift; sourceTree = "<group>"; };
		E419C8241B3873720015FCC2 /* Base */ = {isa = PBXFileReference; lastKnownFileType = file.storyboard; name = Base; path = Base.lproj/Main.storyboard; sourceTree = "<group>"; };
		E419C8261B3873720015FCC2 /* Images.xcassets */ = {isa = PBXFileReference; lastKnownFileType = folder.assetcatalog; path = Images.xcassets; sourceTree = "<group>"; };
		E419C8291B3873720015FCC2 /* Base */ = {isa = PBXFileReference; lastKnownFileType = file.xib; name = Base; path = Base.lproj/LaunchScreen.xib; sourceTree = "<group>"; };
		E419C82F1B3873730015FCC2 /* CocoonTests.xctest */ = {isa = PBXFileReference; explicitFileType = wrapper.cfbundle; includeInIndex = 0; path = CocoonTests.xctest; sourceTree = BUILT_PRODUCTS_DIR; };
		E419C8341B3873730015FCC2 /* Info.plist */ = {isa = PBXFileReference; lastKnownFileType = text.plist.xml; path = Info.plist; sourceTree = "<group>"; };
		E419C8351B3873730015FCC2 /* CocoonTests.swift */ = {isa = PBXFileReference; lastKnownFileType = sourcecode.swift; path = CocoonTests.swift; sourceTree = "<group>"; };
		E419C83F1B3876890015FCC2 /* LoginViewController.swift */ = {isa = PBXFileReference; fileEncoding = 4; lastKnownFileType = sourcecode.swift; name = LoginViewController.swift; path = ViewControllers/LoginViewController.swift; sourceTree = "<group>"; };
		E419C84A1B3877DE0015FCC2 /* RequestManager.swift */ = {isa = PBXFileReference; fileEncoding = 4; lastKnownFileType = sourcecode.swift; path = RequestManager.swift; sourceTree = "<group>"; };
		E419C84C1B387A780015FCC2 /* Bridge.h */ = {isa = PBXFileReference; lastKnownFileType = sourcecode.c.h; path = Bridge.h; sourceTree = "<group>"; };
		E419C84D1B387B980015FCC2 /* TodoViewController.swift */ = {isa = PBXFileReference; fileEncoding = 4; lastKnownFileType = sourcecode.swift; name = TodoViewController.swift; path = ViewControllers/TodoViewController.swift; sourceTree = "<group>"; };
		E419C8501B3880BE0015FCC2 /* KeychainWrapper.h */ = {isa = PBXFileReference; fileEncoding = 4; lastKnownFileType = sourcecode.c.h; path = KeychainWrapper.h; sourceTree = "<group>"; };
		E419C8511B3880BE0015FCC2 /* KeychainWrapper.m */ = {isa = PBXFileReference; fileEncoding = 4; lastKnownFileType = sourcecode.c.objc; path = KeychainWrapper.m; sourceTree = "<group>"; };
		E443D1A41B5DBCD300055C0E /* RegisterConnectViewController.swift */ = {isa = PBXFileReference; fileEncoding = 4; lastKnownFileType = sourcecode.swift; name = RegisterConnectViewController.swift; path = ViewControllers/RegisterConnectViewController.swift; sourceTree = "<group>"; };
		E453043D1BD83169008F0045 /* RequestViewController.swift */ = {isa = PBXFileReference; fileEncoding = 4; lastKnownFileType = sourcecode.swift; name = RequestViewController.swift; path = ViewControllers/RequestViewController.swift; sourceTree = "<group>"; };
		E45304411BD83642008F0045 /* OfferTableViewController.swift */ = {isa = PBXFileReference; fileEncoding = 4; lastKnownFileType = sourcecode.swift; name = OfferTableViewController.swift; path = ViewControllers/OfferTableViewController.swift; sourceTree = "<group>"; };
		E45304491BD83A1A008F0045 /* FBSDKCoreKit.framework */ = {isa = PBXFileReference; lastKnownFileType = wrapper.framework; name = FBSDKCoreKit.framework; path = ../../../../../../FacebookSDK/FBSDKCoreKit.framework; sourceTree = "<group>"; };
		E453044B1BD83A24008F0045 /* FBSDKLoginKit.framework */ = {isa = PBXFileReference; lastKnownFileType = wrapper.framework; name = FBSDKLoginKit.framework; path = ../../../../../../FacebookSDK/FBSDKLoginKit.framework; sourceTree = "<group>"; };
		E46E36231B3B499D00FE92C0 /* ResponseManager.swift */ = {isa = PBXFileReference; fileEncoding = 4; lastKnownFileType = sourcecode.swift; path = ResponseManager.swift; sourceTree = "<group>"; };
		E489E90D1B5E31E900E1F57B /* MapViewController.swift */ = {isa = PBXFileReference; fileEncoding = 4; lastKnownFileType = sourcecode.swift; name = MapViewController.swift; path = ViewControllers/MapViewController.swift; sourceTree = "<group>"; };
		E489E90F1B5E321700E1F57B /* MapKit.framework */ = {isa = PBXFileReference; lastKnownFileType = wrapper.framework; name = MapKit.framework; path = System/Library/Frameworks/MapKit.framework; sourceTree = SDKROOT; };
		E489E9111B5EE16C00E1F57B /* InputScrollView.swift */ = {isa = PBXFileReference; fileEncoding = 4; lastKnownFileType = sourcecode.swift; path = InputScrollView.swift; sourceTree = "<group>"; };
		E4D33C5C1B545D3C0090FA24 /* 1.png */ = {isa = PBXFileReference; lastKnownFileType = image.png; path = 1.png; sourceTree = "<group>"; };
		E4D33C5D1B545D3C0090FA24 /* 2.png */ = {isa = PBXFileReference; lastKnownFileType = image.png; path = 2.png; sourceTree = "<group>"; };
		E4D33C5E1B545D3C0090FA24 /* 3.png */ = {isa = PBXFileReference; lastKnownFileType = image.png; path = 3.png; sourceTree = "<group>"; };
		E4D33C621B546D330090FA24 /* back-arrow.png */ = {isa = PBXFileReference; lastKnownFileType = image.png; path = "back-arrow.png"; sourceTree = "<group>"; };
		E4D33C661B5497350090FA24 /* badge-green.png */ = {isa = PBXFileReference; lastKnownFileType = image.png; path = "badge-green.png"; sourceTree = "<group>"; };
		E4D33C671B5497350090FA24 /* badge-red.png */ = {isa = PBXFileReference; lastKnownFileType = image.png; path = "badge-red.png"; sourceTree = "<group>"; };
		E4D33C6A1B54973D0090FA24 /* default-avatar.png */ = {isa = PBXFileReference; lastKnownFileType = image.png; path = "default-avatar.png"; sourceTree = "<group>"; };
		F604D2991B826C0F0031E70D /* request-ride.png */ = {isa = PBXFileReference; lastKnownFileType = image.png; path = "request-ride.png"; sourceTree = "<group>"; };
		F61D1F3A1B447CD7007D57F8 /* GroupViewController.swift */ = {isa = PBXFileReference; fileEncoding = 4; lastKnownFileType = sourcecode.swift; name = GroupViewController.swift; path = ViewControllers/GroupViewController.swift; sourceTree = "<group>"; };
		F628BEDC1B3884CB005E4002 /* RegisterViewController.swift */ = {isa = PBXFileReference; fileEncoding = 4; lastKnownFileType = sourcecode.swift; name = RegisterViewController.swift; path = ViewControllers/RegisterViewController.swift; sourceTree = "<group>"; };
		F628BF191B38B054005E4002 /* SWRevealViewController.h */ = {isa = PBXFileReference; fileEncoding = 4; lastKnownFileType = sourcecode.c.h; path = SWRevealViewController.h; sourceTree = "<group>"; };
		F628BF1A1B38B054005E4002 /* SWRevealViewController.m */ = {isa = PBXFileReference; fileEncoding = 4; lastKnownFileType = sourcecode.c.objc; path = SWRevealViewController.m; sourceTree = "<group>"; };
		F628BF1E1B38B7E4005E4002 /* User.swift */ = {isa = PBXFileReference; fileEncoding = 4; lastKnownFileType = sourcecode.swift; path = User.swift; sourceTree = "<group>"; };
		F628BF221B38C70C005E4002 /* Cocoon.swift */ = {isa = PBXFileReference; fileEncoding = 4; lastKnownFileType = sourcecode.swift; path = Cocoon.swift; sourceTree = "<group>"; };
		F6431D551B39FCFC00BBD20D /* FamilyViewController.swift */ = {isa = PBXFileReference; fileEncoding = 4; lastKnownFileType = sourcecode.swift; name = FamilyViewController.swift; path = ViewControllers/FamilyViewController.swift; sourceTree = "<group>"; };
		F6431D5B1B3A172700BBD20D /* NavigationController.swift */ = {isa = PBXFileReference; fileEncoding = 4; lastKnownFileType = sourcecode.swift; name = NavigationController.swift; path = ViewControllers/NavigationController.swift; sourceTree = "<group>"; };
		F6431D5F1B3A19E300BBD20D /* Register2ViewController.swift */ = {isa = PBXFileReference; fileEncoding = 4; lastKnownFileType = sourcecode.swift; name = Register2ViewController.swift; path = ViewControllers/Register2ViewController.swift; sourceTree = "<group>"; };
		F66088BC1B5D881A001BBD2A /* DoubleTitleHeader.swift */ = {isa = PBXFileReference; fileEncoding = 4; lastKnownFileType = sourcecode.swift; name = DoubleTitleHeader.swift; path = Cells/DoubleTitleHeader.swift; sourceTree = "<group>"; };
		F66B48CD1B3B48A5006FD3EA /* LoadingTableViewController.swift */ = {isa = PBXFileReference; fileEncoding = 4; lastKnownFileType = sourcecode.swift; name = LoadingTableViewController.swift; path = ViewControllers/LoadingTableViewController.swift; sourceTree = "<group>"; };
		F66CF1061B4B38D6000B3209 /* EventCell.swift */ = {isa = PBXFileReference; fileEncoding = 4; lastKnownFileType = sourcecode.swift; name = EventCell.swift; path = Cells/EventCell.swift; sourceTree = "<group>"; };
		F66CF10A1B4DE0AF000B3209 /* SearchGroupsController.swift */ = {isa = PBXFileReference; fileEncoding = 4; lastKnownFileType = sourcecode.swift; name = SearchGroupsController.swift; path = ViewControllers/SearchGroupsController.swift; sourceTree = "<group>"; };
		F682B8FC1B5D754E00CAF29D /* icon.png */ = {isa = PBXFileReference; lastKnownFileType = image.png; path = icon.png; sourceTree = "<group>"; };
		F6B274AF1B54675A000805BD /* add.png */ = {isa = PBXFileReference; lastKnownFileType = image.png; path = add.png; sourceTree = "<group>"; };
		F6B274B01B54675A000805BD /* info.png */ = {isa = PBXFileReference; lastKnownFileType = image.png; path = info.png; sourceTree = "<group>"; };
		F6B274B51B54695D000805BD /* ButtonCell.swift */ = {isa = PBXFileReference; fileEncoding = 4; lastKnownFileType = sourcecode.swift; name = ButtonCell.swift; path = Cells/ButtonCell.swift; sourceTree = "<group>"; };
		F6B274B71B547015000805BD /* SingleTitleHeader.swift */ = {isa = PBXFileReference; fileEncoding = 4; lastKnownFileType = sourcecode.swift; name = SingleTitleHeader.swift; path = Cells/SingleTitleHeader.swift; sourceTree = "<group>"; };
		F6B274BB1B547C54000805BD /* test.png */ = {isa = PBXFileReference; lastKnownFileType = image.png; path = test.png; sourceTree = "<group>"; };
		F6B274C31B547DB9000805BD /* menu.png */ = {isa = PBXFileReference; lastKnownFileType = image.png; path = menu.png; sourceTree = "<group>"; };
		F6B274C51B54829E000805BD /* IconCell.swift */ = {isa = PBXFileReference; fileEncoding = 4; lastKnownFileType = sourcecode.swift; name = IconCell.swift; path = Cells/IconCell.swift; sourceTree = "<group>"; };
		F6B274C71B548BBD000805BD /* TodoCell.swift */ = {isa = PBXFileReference; fileEncoding = 4; lastKnownFileType = sourcecode.swift; name = TodoCell.swift; path = Cells/TodoCell.swift; sourceTree = "<group>"; };
		F6B274CE1B548DDB000805BD /* badge-red.png */ = {isa = PBXFileReference; lastKnownFileType = image.png; path = "badge-red.png"; sourceTree = "<group>"; };
		F6B274CF1B548DDB000805BD /* badge-green.png */ = {isa = PBXFileReference; lastKnownFileType = image.png; path = "badge-green.png"; sourceTree = "<group>"; };
		F6B274D21B548E14000805BD /* default-avatar.png */ = {isa = PBXFileReference; lastKnownFileType = image.png; path = "default-avatar.png"; sourceTree = "<group>"; };
		F6C0F5A71B433A7600629E02 /* GroupsViewController.swift */ = {isa = PBXFileReference; fileEncoding = 4; lastKnownFileType = sourcecode.swift; name = GroupsViewController.swift; path = ViewControllers/GroupsViewController.swift; sourceTree = "<group>"; };
		F6C0F5AB1B433EE900629E02 /* UserViewController.swift */ = {isa = PBXFileReference; fileEncoding = 4; lastKnownFileType = sourcecode.swift; name = UserViewController.swift; path = ViewControllers/UserViewController.swift; sourceTree = "<group>"; };
		F6C0F5AD1B434E3400629E02 /* RegisterGroupViewController.swift */ = {isa = PBXFileReference; fileEncoding = 4; lastKnownFileType = sourcecode.swift; name = RegisterGroupViewController.swift; path = ViewControllers/RegisterGroupViewController.swift; sourceTree = "<group>"; };
		F6C954481B3B5B0200B07C1B /* Link.swift */ = {isa = PBXFileReference; fileEncoding = 4; lastKnownFileType = sourcecode.swift; path = Link.swift; sourceTree = "<group>"; };
		F6C9544C1B3C758900B07C1B /* RegisterKidViewController.swift */ = {isa = PBXFileReference; fileEncoding = 4; lastKnownFileType = sourcecode.swift; name = RegisterKidViewController.swift; path = ViewControllers/RegisterKidViewController.swift; sourceTree = "<group>"; };
		F6C9544E1B3C798C00B07C1B /* RegisterVehicleViewController.swift */ = {isa = PBXFileReference; fileEncoding = 4; lastKnownFileType = sourcecode.swift; name = RegisterVehicleViewController.swift; path = ViewControllers/RegisterVehicleViewController.swift; sourceTree = "<group>"; };
		F6F074FF1B5039D400163CC6 /* bg.jpg */ = {isa = PBXFileReference; lastKnownFileType = image.jpeg; path = bg.jpg; sourceTree = "<group>"; };
		F6F075011B5039EA00163CC6 /* logo.png */ = {isa = PBXFileReference; lastKnownFileType = image.png; path = logo.png; sourceTree = "<group>"; };
		F6F075051B5044CC00163CC6 /* username.png */ = {isa = PBXFileReference; lastKnownFileType = image.png; path = username.png; sourceTree = "<group>"; };
		F6F075071B50549700163CC6 /* login.png */ = {isa = PBXFileReference; lastKnownFileType = image.png; path = login.png; sourceTree = "<group>"; };
		F6F0750E1B505E3900163CC6 /* default.png */ = {isa = PBXFileReference; lastKnownFileType = image.png; path = default.png; sourceTree = "<group>"; };
		F6F6BF451B4F53CB00906A91 /* AdminViewController.swift */ = {isa = PBXFileReference; fileEncoding = 4; lastKnownFileType = sourcecode.swift; name = AdminViewController.swift; path = ViewControllers/AdminViewController.swift; sourceTree = "<group>"; };
		F6FECA3E1B73ED1600EC5F23 /* FriendsViewController.swift */ = {isa = PBXFileReference; fileEncoding = 4; lastKnownFileType = sourcecode.swift; name = FriendsViewController.swift; path = ViewControllers/FriendsViewController.swift; sourceTree = "<group>"; };
/* End PBXFileReference section */

/* Begin PBXFrameworksBuildPhase section */
		E419C8171B3873710015FCC2 /* Frameworks */ = {
			isa = PBXFrameworksBuildPhase;
			buildActionMask = 2147483647;
			files = (
				E453044C1BD83A24008F0045 /* FBSDKLoginKit.framework in Frameworks */,
				E453044A1BD83A1A008F0045 /* FBSDKCoreKit.framework in Frameworks */,
				E489E9101B5E321700E1F57B /* MapKit.framework in Frameworks */,
			);
			runOnlyForDeploymentPostprocessing = 0;
		};
		E419C82C1B3873730015FCC2 /* Frameworks */ = {
			isa = PBXFrameworksBuildPhase;
			buildActionMask = 2147483647;
			files = (
			);
			runOnlyForDeploymentPostprocessing = 0;
		};
/* End PBXFrameworksBuildPhase section */

/* Begin PBXGroup section */
		E4107A111B4480ED003C5E9D /* Cells */ = {
			isa = PBXGroup;
			children = (
				E4107A121B448133003C5E9D /* GroupHeaderCell.swift */,
				F66CF1061B4B38D6000B3209 /* EventCell.swift */,
				F6B274B51B54695D000805BD /* ButtonCell.swift */,
				F6B274B71B547015000805BD /* SingleTitleHeader.swift */,
				F6B274C51B54829E000805BD /* IconCell.swift */,
				F6B274C71B548BBD000805BD /* TodoCell.swift */,
				F66088BC1B5D881A001BBD2A /* DoubleTitleHeader.swift */,
				292818561BD579AD008351C9 /* OfferRideCell.swift */,
			);
			name = Cells;
			sourceTree = "<group>";
		};
		E419C8111B3873700015FCC2 = {
			isa = PBXGroup;
			children = (
				E419C81C1B3873710015FCC2 /* Cocoon */,
				E419C8321B3873730015FCC2 /* CocoonTests */,
				E419C81B1B3873710015FCC2 /* Products */,
			);
			sourceTree = "<group>";
		};
		E419C81B1B3873710015FCC2 /* Products */ = {
			isa = PBXGroup;
			children = (
				E419C81A1B3873710015FCC2 /* Cocoon.app */,
				E419C82F1B3873730015FCC2 /* CocoonTests.xctest */,
			);
			name = Products;
			sourceTree = "<group>";
		};
		E419C81C1B3873710015FCC2 /* Cocoon */ = {
			isa = PBXGroup;
			children = (
				F682B8FC1B5D754E00CAF29D /* icon.png */,
				E4107A111B4480ED003C5E9D /* Cells */,
				E419C8411B3876920015FCC2 /* ViewControllers */,
				E419C81F1B3873720015FCC2 /* AppDelegate.swift */,
				E419C84A1B3877DE0015FCC2 /* RequestManager.swift */,
				E46E36231B3B499D00FE92C0 /* ResponseManager.swift */,
				F628BF1E1B38B7E4005E4002 /* User.swift */,
				F628BF221B38C70C005E4002 /* Cocoon.swift */,
				E489E9111B5EE16C00E1F57B /* InputScrollView.swift */,
				E419C8231B3873720015FCC2 /* Main.storyboard */,
				E419C8261B3873720015FCC2 /* Images.xcassets */,
				E419C8281B3873720015FCC2 /* LaunchScreen.xib */,
				E419C81D1B3873710015FCC2 /* Supporting Files */,
				E419C84F1B3880A50015FCC2 /* Keychain */,
				F6C954481B3B5B0200B07C1B /* Link.swift */,
			);
			path = Cocoon;
			sourceTree = "<group>";
		};
		E419C81D1B3873710015FCC2 /* Supporting Files */ = {
			isa = PBXGroup;
			children = (
				F6F074FD1B5039C100163CC6 /* images */,
				E489E90F1B5E321700E1F57B /* MapKit.framework */,
				E453044B1BD83A24008F0045 /* FBSDKLoginKit.framework */,
				E45304491BD83A1A008F0045 /* FBSDKCoreKit.framework */,
				E419C84C1B387A780015FCC2 /* Bridge.h */,
				F628BF191B38B054005E4002 /* SWRevealViewController.h */,
				F628BF1A1B38B054005E4002 /* SWRevealViewController.m */,
				E419C81E1B3873720015FCC2 /* Info.plist */,
			);
			name = "Supporting Files";
			sourceTree = "<group>";
		};
		E419C8321B3873730015FCC2 /* CocoonTests */ = {
			isa = PBXGroup;
			children = (
				E419C8351B3873730015FCC2 /* CocoonTests.swift */,
				E419C8331B3873730015FCC2 /* Supporting Files */,
			);
			path = CocoonTests;
			sourceTree = "<group>";
		};
		E419C8331B3873730015FCC2 /* Supporting Files */ = {
			isa = PBXGroup;
			children = (
				E419C8341B3873730015FCC2 /* Info.plist */,
			);
			name = "Supporting Files";
			sourceTree = "<group>";
		};
		E419C8411B3876920015FCC2 /* ViewControllers */ = {
			isa = PBXGroup;
			children = (
				F6F6BF451B4F53CB00906A91 /* AdminViewController.swift */,
				E4141C8C1B73F00300895755 /* Definitions.swift */,
				F6431D551B39FCFC00BBD20D /* FamilyViewController.swift */,
				F6FECA3E1B73ED1600EC5F23 /* FriendsViewController.swift */,
				F6C0F5A71B433A7600629E02 /* GroupsViewController.swift */,
				F61D1F3A1B447CD7007D57F8 /* GroupViewController.swift */,
				E4107A0B1B448043003C5E9D /* KidViewController.swift */,
				F66B48CD1B3B48A5006FD3EA /* LoadingTableViewController.swift */,
				E419C83F1B3876890015FCC2 /* LoginViewController.swift */,
				E489E90D1B5E31E900E1F57B /* MapViewController.swift */,
				E4107A0F1B44805C003C5E9D /* MenuViewController.swift */,
				F6431D5B1B3A172700BBD20D /* NavigationController.swift */,
				E4107A071B447FB8003C5E9D /* Register1ViewController.swift */,
				F6431D5F1B3A19E300BBD20D /* Register2ViewController.swift */,
				E443D1A41B5DBCD300055C0E /* RegisterConnectViewController.swift */,
				F6C0F5AD1B434E3400629E02 /* RegisterGroupViewController.swift */,
				F6C9544C1B3C758900B07C1B /* RegisterKidViewController.swift */,
				F6C9544E1B3C798C00B07C1B /* RegisterVehicleViewController.swift */,
				F628BEDC1B3884CB005E4002 /* RegisterViewController.swift */,
				F66CF10A1B4DE0AF000B3209 /* SearchGroupsController.swift */,
				E419C84D1B387B980015FCC2 /* TodoViewController.swift */,
				F6C0F5AB1B433EE900629E02 /* UserViewController.swift */,
				E4107A0D1B448051003C5E9D /* VehicleViewController.swift */,
				E453043D1BD83169008F0045 /* RequestViewController.swift */,
				E45304411BD83642008F0045 /* OfferTableViewController.swift */,
			);
			name = ViewControllers;
			sourceTree = "<group>";
		};
		E419C84F1B3880A50015FCC2 /* Keychain */ = {
			isa = PBXGroup;
			children = (
				E419C8501B3880BE0015FCC2 /* KeychainWrapper.h */,
				E419C8511B3880BE0015FCC2 /* KeychainWrapper.m */,
			);
			name = Keychain;
			sourceTree = "<group>";
		};
		E4D33C5A1B545D240090FA24 /* register */ = {
			isa = PBXGroup;
			children = (
				F6B274D21B548E14000805BD /* default-avatar.png */,
				F6B274CE1B548DDB000805BD /* badge-red.png */,
				F6B274CF1B548DDB000805BD /* badge-green.png */,
				E4D33C5B1B545D310090FA24 /* status */,
			);
			name = register;
			sourceTree = "<group>";
		};
		E4D33C5B1B545D310090FA24 /* status */ = {
			isa = PBXGroup;
			children = (
				E4D33C5C1B545D3C0090FA24 /* 1.png */,
				E4D33C5D1B545D3C0090FA24 /* 2.png */,
				E4D33C5E1B545D3C0090FA24 /* 3.png */,
			);
			name = status;
			sourceTree = "<group>";
		};
		E4D33C641B5496F20090FA24 /* todo */ = {
			isa = PBXGroup;
			children = (
				E4D33C6A1B54973D0090FA24 /* default-avatar.png */,
				E4D33C661B5497350090FA24 /* badge-green.png */,
				E4D33C671B5497350090FA24 /* badge-red.png */,
			);
			name = todo;
			sourceTree = "<group>";
		};
		E4D33C651B5496FC0090FA24 /* icons */ = {
			isa = PBXGroup;
			children = (
				2945CA1C1BD83CB5001BD2E9 /* checkmark.png */,
				E4D33C621B546D330090FA24 /* back-arrow.png */,
				F6B274C31B547DB9000805BD /* menu.png */,
				F6B274BB1B547C54000805BD /* test.png */,
				F6B274AF1B54675A000805BD /* add.png */,
				F6B274B01B54675A000805BD /* info.png */,
			);
			name = icons;
			sourceTree = "<group>";
		};
		F604D2981B826C010031E70D /* request-ride */ = {
			isa = PBXGroup;
			children = (
				F604D2991B826C0F0031E70D /* request-ride.png */,
			);
			name = "request-ride";
			sourceTree = "<group>";
		};
		F6F074FD1B5039C100163CC6 /* images */ = {
			isa = PBXGroup;
			children = (
				F604D2981B826C010031E70D /* request-ride */,
				E4D33C651B5496FC0090FA24 /* icons */,
				E4D33C641B5496F20090FA24 /* todo */,
				E4D33C5A1B545D240090FA24 /* register */,
				F6F0750B1B505C7A00163CC6 /* default */,
				F6F074FE1B5039C800163CC6 /* login */,
			);
			name = images;
			sourceTree = "<group>";
		};
		F6F074FE1B5039C800163CC6 /* login */ = {
			isa = PBXGroup;
			children = (
				F6F075071B50549700163CC6 /* login.png */,
				F6F075051B5044CC00163CC6 /* username.png */,
				F6F075011B5039EA00163CC6 /* logo.png */,
				F6F074FF1B5039D400163CC6 /* bg.jpg */,
			);
			name = login;
			sourceTree = "<group>";
		};
		F6F0750B1B505C7A00163CC6 /* default */ = {
			isa = PBXGroup;
			children = (
				F6F0750E1B505E3900163CC6 /* default.png */,
			);
			name = default;
			sourceTree = "<group>";
		};
/* End PBXGroup section */

/* Begin PBXNativeTarget section */
		E419C8191B3873710015FCC2 /* Cocoon */ = {
			isa = PBXNativeTarget;
			buildConfigurationList = E419C8391B3873730015FCC2 /* Build configuration list for PBXNativeTarget "Cocoon" */;
			buildPhases = (
				E419C8161B3873710015FCC2 /* Sources */,
				E419C8171B3873710015FCC2 /* Frameworks */,
				E419C8181B3873710015FCC2 /* Resources */,
			);
			buildRules = (
			);
			dependencies = (
			);
			name = Cocoon;
			productName = Cocoon;
			productReference = E419C81A1B3873710015FCC2 /* Cocoon.app */;
			productType = "com.apple.product-type.application";
		};
		E419C82E1B3873730015FCC2 /* CocoonTests */ = {
			isa = PBXNativeTarget;
			buildConfigurationList = E419C83C1B3873730015FCC2 /* Build configuration list for PBXNativeTarget "CocoonTests" */;
			buildPhases = (
				E419C82B1B3873730015FCC2 /* Sources */,
				E419C82C1B3873730015FCC2 /* Frameworks */,
				E419C82D1B3873730015FCC2 /* Resources */,
			);
			buildRules = (
			);
			dependencies = (
				E419C8311B3873730015FCC2 /* PBXTargetDependency */,
			);
			name = CocoonTests;
			productName = CocoonTests;
			productReference = E419C82F1B3873730015FCC2 /* CocoonTests.xctest */;
			productType = "com.apple.product-type.bundle.unit-test";
		};
/* End PBXNativeTarget section */

/* Begin PBXProject section */
		E419C8121B3873710015FCC2 /* Project object */ = {
			isa = PBXProject;
			attributes = {
				LastSwiftMigration = 0700;
				LastSwiftUpdateCheck = 0700;
				LastUpgradeCheck = 0700;
				ORGANIZATIONNAME = "Integer Studios";
				TargetAttributes = {
					E419C8191B3873710015FCC2 = {
						CreatedOnToolsVersion = 6.3.2;
						DevelopmentTeam = 7495RA8TS4;
					};
					E419C82E1B3873730015FCC2 = {
						CreatedOnToolsVersion = 6.3.2;
						TestTargetID = E419C8191B3873710015FCC2;
					};
				};
			};
			buildConfigurationList = E419C8151B3873710015FCC2 /* Build configuration list for PBXProject "Cocoon" */;
			compatibilityVersion = "Xcode 3.2";
			developmentRegion = English;
			hasScannedForEncodings = 0;
			knownRegions = (
				en,
				Base,
			);
			mainGroup = E419C8111B3873700015FCC2;
			productRefGroup = E419C81B1B3873710015FCC2 /* Products */;
			projectDirPath = "";
			projectRoot = "";
			targets = (
				E419C8191B3873710015FCC2 /* Cocoon */,
				E419C82E1B3873730015FCC2 /* CocoonTests */,
			);
		};
/* End PBXProject section */

/* Begin PBXResourcesBuildPhase section */
		E419C8181B3873710015FCC2 /* Resources */ = {
			isa = PBXResourcesBuildPhase;
			buildActionMask = 2147483647;
			files = (
				E4D33C681B5497350090FA24 /* badge-green.png in Resources */,
				E4D33C5F1B545D3C0090FA24 /* 1.png in Resources */,
				F6F075001B5039D400163CC6 /* bg.jpg in Resources */,
				F6F075061B5044CC00163CC6 /* username.png in Resources */,
				F6F075021B5039EA00163CC6 /* logo.png in Resources */,
				F604D29A1B826C0F0031E70D /* request-ride.png in Resources */,
				F6B274C41B547DB9000805BD /* menu.png in Resources */,
				E4D33C691B5497350090FA24 /* badge-red.png in Resources */,
				F6B274B21B54675A000805BD /* info.png in Resources */,
				F6B274D31B548E14000805BD /* default-avatar.png in Resources */,
				F6B274B11B54675A000805BD /* add.png in Resources */,
				F6B274BC1B547C54000805BD /* test.png in Resources */,
				F682B8FD1B5D754E00CAF29D /* icon.png in Resources */,
				E419C8251B3873720015FCC2 /* Main.storyboard in Resources */,
				E4D33C601B545D3C0090FA24 /* 2.png in Resources */,
				F6F075081B50549700163CC6 /* login.png in Resources */,
				E4D33C611B545D3C0090FA24 /* 3.png in Resources */,
				E419C82A1B3873720015FCC2 /* LaunchScreen.xib in Resources */,
				E4D33C631B546D330090FA24 /* back-arrow.png in Resources */,
				2945CA1D1BD83CB5001BD2E9 /* checkmark.png in Resources */,
				E419C8271B3873720015FCC2 /* Images.xcassets in Resources */,
				F6F0750F1B505E3900163CC6 /* default.png in Resources */,
			);
			runOnlyForDeploymentPostprocessing = 0;
		};
		E419C82D1B3873730015FCC2 /* Resources */ = {
			isa = PBXResourcesBuildPhase;
			buildActionMask = 2147483647;
			files = (
			);
			runOnlyForDeploymentPostprocessing = 0;
		};
/* End PBXResourcesBuildPhase section */

/* Begin PBXSourcesBuildPhase section */
		E419C8161B3873710015FCC2 /* Sources */ = {
			isa = PBXSourcesBuildPhase;
			buildActionMask = 2147483647;
			files = (
				F6C954491B3B5B0200B07C1B /* Link.swift in Sources */,
				F6C0F5AC1B433EE900629E02 /* UserViewController.swift in Sources */,
				E443D1A51B5DBCD300055C0E /* RegisterConnectViewController.swift in Sources */,
				F6431D601B3A19E300BBD20D /* Register2ViewController.swift in Sources */,
				292818571BD579AD008351C9 /* OfferRideCell.swift in Sources */,
				F61D1F3B1B447CD7007D57F8 /* GroupViewController.swift in Sources */,
				E419C84E1B387B980015FCC2 /* TodoViewController.swift in Sources */,
				E419C84B1B3877DE0015FCC2 /* RequestManager.swift in Sources */,
				F6C9544D1B3C758900B07C1B /* RegisterKidViewController.swift in Sources */,
				F6B274C81B548BBD000805BD /* TodoCell.swift in Sources */,
				F628BF1B1B38B054005E4002 /* SWRevealViewController.m in Sources */,
				E4107A131B448133003C5E9D /* GroupHeaderCell.swift in Sources */,
				E4107A0C1B448043003C5E9D /* KidViewController.swift in Sources */,
				E4107A081B447FB8003C5E9D /* Register1ViewController.swift in Sources */,
				E45304421BD83642008F0045 /* OfferTableViewController.swift in Sources */,
				E489E90E1B5E31E900E1F57B /* MapViewController.swift in Sources */,
				F628BF231B38C70C005E4002 /* Cocoon.swift in Sources */,
				F6431D5C1B3A172700BBD20D /* NavigationController.swift in Sources */,
				F6431D561B39FCFC00BBD20D /* FamilyViewController.swift in Sources */,
				E4107A0E1B448051003C5E9D /* VehicleViewController.swift in Sources */,
				E453043E1BD83169008F0045 /* RequestViewController.swift in Sources */,
				F6C9544F1B3C798C00B07C1B /* RegisterVehicleViewController.swift in Sources */,
				F6F6BF461B4F53CB00906A91 /* AdminViewController.swift in Sources */,
				E419C8521B3880BF0015FCC2 /* KeychainWrapper.m in Sources */,
				F6B274C61B54829E000805BD /* IconCell.swift in Sources */,
				E4107A101B44805C003C5E9D /* MenuViewController.swift in Sources */,
				F66B48CE1B3B48A5006FD3EA /* LoadingTableViewController.swift in Sources */,
				E4141C8D1B73F00300895755 /* Definitions.swift in Sources */,
				F628BEDD1B3884CB005E4002 /* RegisterViewController.swift in Sources */,
				F6C0F5A81B433A7600629E02 /* GroupsViewController.swift in Sources */,
				F66088BD1B5D881A001BBD2A /* DoubleTitleHeader.swift in Sources */,
				F66CF1071B4B38D6000B3209 /* EventCell.swift in Sources */,
				F6B274B61B54695D000805BD /* ButtonCell.swift in Sources */,
				F6C0F5AE1B434E3400629E02 /* RegisterGroupViewController.swift in Sources */,
				F6B274B81B547015000805BD /* SingleTitleHeader.swift in Sources */,
				E489E9121B5EE16C00E1F57B /* InputScrollView.swift in Sources */,
				F6FECA3F1B73ED1600EC5F23 /* FriendsViewController.swift in Sources */,
				E46E36241B3B499D00FE92C0 /* ResponseManager.swift in Sources */,
				E419C8401B3876890015FCC2 /* LoginViewController.swift in Sources */,
				F66CF10B1B4DE0B0000B3209 /* SearchGroupsController.swift in Sources */,
				F628BF1F1B38B7E4005E4002 /* User.swift in Sources */,
				E419C8201B3873720015FCC2 /* AppDelegate.swift in Sources */,
			);
			runOnlyForDeploymentPostprocessing = 0;
		};
		E419C82B1B3873730015FCC2 /* Sources */ = {
			isa = PBXSourcesBuildPhase;
			buildActionMask = 2147483647;
			files = (
				E419C8361B3873730015FCC2 /* CocoonTests.swift in Sources */,
			);
			runOnlyForDeploymentPostprocessing = 0;
		};
/* End PBXSourcesBuildPhase section */

/* Begin PBXTargetDependency section */
		E419C8311B3873730015FCC2 /* PBXTargetDependency */ = {
			isa = PBXTargetDependency;
			target = E419C8191B3873710015FCC2 /* Cocoon */;
			targetProxy = E419C8301B3873730015FCC2 /* PBXContainerItemProxy */;
		};
/* End PBXTargetDependency section */

/* Begin PBXVariantGroup section */
		E419C8231B3873720015FCC2 /* Main.storyboard */ = {
			isa = PBXVariantGroup;
			children = (
				E419C8241B3873720015FCC2 /* Base */,
			);
			name = Main.storyboard;
			sourceTree = "<group>";
		};
		E419C8281B3873720015FCC2 /* LaunchScreen.xib */ = {
			isa = PBXVariantGroup;
			children = (
				E419C8291B3873720015FCC2 /* Base */,
			);
			name = LaunchScreen.xib;
			sourceTree = "<group>";
		};
/* End PBXVariantGroup section */

/* Begin XCBuildConfiguration section */
		E419C8371B3873730015FCC2 /* Debug */ = {
			isa = XCBuildConfiguration;
			buildSettings = {
				ALWAYS_SEARCH_USER_PATHS = NO;
				CLANG_CXX_LANGUAGE_STANDARD = "gnu++0x";
				CLANG_CXX_LIBRARY = "libc++";
				CLANG_ENABLE_MODULES = YES;
				CLANG_ENABLE_OBJC_ARC = YES;
				CLANG_WARN_BOOL_CONVERSION = YES;
				CLANG_WARN_CONSTANT_CONVERSION = YES;
				CLANG_WARN_DIRECT_OBJC_ISA_USAGE = YES_ERROR;
				CLANG_WARN_EMPTY_BODY = YES;
				CLANG_WARN_ENUM_CONVERSION = YES;
				CLANG_WARN_INT_CONVERSION = YES;
				CLANG_WARN_OBJC_ROOT_CLASS = YES_ERROR;
				CLANG_WARN_UNREACHABLE_CODE = YES;
				CLANG_WARN__DUPLICATE_METHOD_MATCH = YES;
				"CODE_SIGN_IDENTITY[sdk=iphoneos*]" = "iPhone Developer";
				COPY_PHASE_STRIP = NO;
				DEBUG_INFORMATION_FORMAT = "dwarf-with-dsym";
				ENABLE_STRICT_OBJC_MSGSEND = YES;
				ENABLE_TESTABILITY = YES;
				GCC_C_LANGUAGE_STANDARD = gnu99;
				GCC_DYNAMIC_NO_PIC = NO;
				GCC_NO_COMMON_BLOCKS = YES;
				GCC_OPTIMIZATION_LEVEL = 0;
				GCC_PREPROCESSOR_DEFINITIONS = (
					"DEBUG=1",
					"$(inherited)",
				);
				GCC_SYMBOLS_PRIVATE_EXTERN = NO;
				GCC_WARN_64_TO_32_BIT_CONVERSION = YES;
				GCC_WARN_ABOUT_RETURN_TYPE = YES_ERROR;
				GCC_WARN_UNDECLARED_SELECTOR = YES;
				GCC_WARN_UNINITIALIZED_AUTOS = YES_AGGRESSIVE;
				GCC_WARN_UNUSED_FUNCTION = YES;
				GCC_WARN_UNUSED_VARIABLE = YES;
				IPHONEOS_DEPLOYMENT_TARGET = 8.3;
				MTL_ENABLE_DEBUG_INFO = YES;
				ONLY_ACTIVE_ARCH = YES;
				SDKROOT = iphoneos;
				SWIFT_OPTIMIZATION_LEVEL = "-Onone";
			};
			name = Debug;
		};
		E419C8381B3873730015FCC2 /* Release */ = {
			isa = XCBuildConfiguration;
			buildSettings = {
				ALWAYS_SEARCH_USER_PATHS = NO;
				CLANG_CXX_LANGUAGE_STANDARD = "gnu++0x";
				CLANG_CXX_LIBRARY = "libc++";
				CLANG_ENABLE_MODULES = YES;
				CLANG_ENABLE_OBJC_ARC = YES;
				CLANG_WARN_BOOL_CONVERSION = YES;
				CLANG_WARN_CONSTANT_CONVERSION = YES;
				CLANG_WARN_DIRECT_OBJC_ISA_USAGE = YES_ERROR;
				CLANG_WARN_EMPTY_BODY = YES;
				CLANG_WARN_ENUM_CONVERSION = YES;
				CLANG_WARN_INT_CONVERSION = YES;
				CLANG_WARN_OBJC_ROOT_CLASS = YES_ERROR;
				CLANG_WARN_UNREACHABLE_CODE = YES;
				CLANG_WARN__DUPLICATE_METHOD_MATCH = YES;
				"CODE_SIGN_IDENTITY[sdk=iphoneos*]" = "iPhone Developer";
				COPY_PHASE_STRIP = NO;
				DEBUG_INFORMATION_FORMAT = "dwarf-with-dsym";
				ENABLE_NS_ASSERTIONS = NO;
				ENABLE_STRICT_OBJC_MSGSEND = YES;
				GCC_C_LANGUAGE_STANDARD = gnu99;
				GCC_NO_COMMON_BLOCKS = YES;
				GCC_WARN_64_TO_32_BIT_CONVERSION = YES;
				GCC_WARN_ABOUT_RETURN_TYPE = YES_ERROR;
				GCC_WARN_UNDECLARED_SELECTOR = YES;
				GCC_WARN_UNINITIALIZED_AUTOS = YES_AGGRESSIVE;
				GCC_WARN_UNUSED_FUNCTION = YES;
				GCC_WARN_UNUSED_VARIABLE = YES;
				IPHONEOS_DEPLOYMENT_TARGET = 8.3;
				MTL_ENABLE_DEBUG_INFO = NO;
				SDKROOT = iphoneos;
				VALIDATE_PRODUCT = YES;
			};
			name = Release;
		};
		E419C83A1B3873730015FCC2 /* Debug */ = {
			isa = XCBuildConfiguration;
			buildSettings = {
				ASSETCATALOG_COMPILER_APPICON_NAME = AppIcon;
				CODE_SIGN_IDENTITY = "iPhone Developer";
				"CODE_SIGN_IDENTITY[sdk=iphoneos*]" = "iPhone Developer";
				ENABLE_BITCODE = YES;
				FRAMEWORK_SEARCH_PATHS = (
					"$(inherited)",
					/Users/Quinn/Documents/FacebookSDK,
					"$(PROJECT_DIR)/Cocoon",
				);
				INFOPLIST_FILE = Cocoon/Info.plist;
				LD_RUNPATH_SEARCH_PATHS = "$(inherited) @executable_path/Frameworks";
				PRODUCT_BUNDLE_IDENTIFIER = "com.integerstudios.$(PRODUCT_NAME:rfc1034identifier)";
				PRODUCT_NAME = "$(TARGET_NAME)";
				PROVISIONING_PROFILE = "7dc89c1c-3a32-4638-89d6-53e42a9c4b5b";
				SWIFT_OBJC_BRIDGING_HEADER = Cocoon/Bridge.h;
			};
			name = Debug;
		};
		E419C83B1B3873730015FCC2 /* Release */ = {
			isa = XCBuildConfiguration;
			buildSettings = {
				ASSETCATALOG_COMPILER_APPICON_NAME = AppIcon;
				CODE_SIGN_IDENTITY = "iPhone Developer";
				"CODE_SIGN_IDENTITY[sdk=iphoneos*]" = "iPhone Developer";
				ENABLE_BITCODE = YES;
				FRAMEWORK_SEARCH_PATHS = (
					"$(inherited)",
					/Users/Quinn/Documents/FacebookSDK,
					"$(PROJECT_DIR)/Cocoon",
				);
				INFOPLIST_FILE = Cocoon/Info.plist;
				LD_RUNPATH_SEARCH_PATHS = "$(inherited) @executable_path/Frameworks";
				PRODUCT_BUNDLE_IDENTIFIER = "com.integerstudios.$(PRODUCT_NAME:rfc1034identifier)";
				PRODUCT_NAME = "$(TARGET_NAME)";
				PROVISIONING_PROFILE = "7dc89c1c-3a32-4638-89d6-53e42a9c4b5b";
				SWIFT_OBJC_BRIDGING_HEADER = Cocoon/Bridge.h;
			};
			name = Release;
		};
		E419C83D1B3873730015FCC2 /* Debug */ = {
			isa = XCBuildConfiguration;
			buildSettings = {
				BUNDLE_LOADER = "$(TEST_HOST)";
				FRAMEWORK_SEARCH_PATHS = (
					"$(SDKROOT)/Developer/Library/Frameworks",
					"$(inherited)",
				);
				GCC_PREPROCESSOR_DEFINITIONS = (
					"DEBUG=1",
					"$(inherited)",
				);
				INFOPLIST_FILE = CocoonTests/Info.plist;
				LD_RUNPATH_SEARCH_PATHS = "$(inherited) @executable_path/Frameworks @loader_path/Frameworks";
				PRODUCT_BUNDLE_IDENTIFIER = "com.integerstudios.$(PRODUCT_NAME:rfc1034identifier)";
				PRODUCT_NAME = "$(TARGET_NAME)";
				TEST_HOST = "$(BUILT_PRODUCTS_DIR)/Cocoon.app/Cocoon";
			};
			name = Debug;
		};
		E419C83E1B3873730015FCC2 /* Release */ = {
			isa = XCBuildConfiguration;
			buildSettings = {
				BUNDLE_LOADER = "$(TEST_HOST)";
				FRAMEWORK_SEARCH_PATHS = (
					"$(SDKROOT)/Developer/Library/Frameworks",
					"$(inherited)",
				);
				INFOPLIST_FILE = CocoonTests/Info.plist;
				LD_RUNPATH_SEARCH_PATHS = "$(inherited) @executable_path/Frameworks @loader_path/Frameworks";
				PRODUCT_BUNDLE_IDENTIFIER = "com.integerstudios.$(PRODUCT_NAME:rfc1034identifier)";
				PRODUCT_NAME = "$(TARGET_NAME)";
				TEST_HOST = "$(BUILT_PRODUCTS_DIR)/Cocoon.app/Cocoon";
			};
			name = Release;
		};
/* End XCBuildConfiguration section */

/* Begin XCConfigurationList section */
		E419C8151B3873710015FCC2 /* Build configuration list for PBXProject "Cocoon" */ = {
			isa = XCConfigurationList;
			buildConfigurations = (
				E419C8371B3873730015FCC2 /* Debug */,
				E419C8381B3873730015FCC2 /* Release */,
			);
			defaultConfigurationIsVisible = 0;
			defaultConfigurationName = Release;
		};
		E419C8391B3873730015FCC2 /* Build configuration list for PBXNativeTarget "Cocoon" */ = {
			isa = XCConfigurationList;
			buildConfigurations = (
				E419C83A1B3873730015FCC2 /* Debug */,
				E419C83B1B3873730015FCC2 /* Release */,
			);
			defaultConfigurationIsVisible = 0;
			defaultConfigurationName = Release;
		};
		E419C83C1B3873730015FCC2 /* Build configuration list for PBXNativeTarget "CocoonTests" */ = {
			isa = XCConfigurationList;
			buildConfigurations = (
				E419C83D1B3873730015FCC2 /* Debug */,
				E419C83E1B3873730015FCC2 /* Release */,
			);
			defaultConfigurationIsVisible = 0;
			defaultConfigurationName = Release;
		};
/* End XCConfigurationList section */
	};
	rootObject = E419C8121B3873710015FCC2 /* Project object */;
}
